
Microsoft Visual Studio Solution File, Format Version 12.00
# Visual Studio 14
VisualStudioVersion = 14.0.25420.1
MinimumVisualStudioVersion = 10.0.40219.1
Project("{FAE04EC0-301F-11D3-BF4B-00C04F79EFBC}") = "PRUEBA", "PRUEBA\PRUEBA.csproj", "{53E03B86-6E16-4AD7-8705-BB5C10EB292B}"
EndProject
Project("{FAE04EC0-301F-11D3-BF4B-00C04F79EFBC}") = "BLL", "BLL\BLL.csproj", "{194DC09B-CDB4-4FCF-95A5-95FFBC6567DD}"
EndProject
Project("{FAE04EC0-301F-11D3-BF4B-00C04F79EFBC}") = "DAL", "DAL\DAL.csproj", "{2D8F786A-15D9-4BBE-9084-8F1633DC6A05}"
EndProject
Global
	GlobalSection(SolutionConfigurationPlatforms) = preSolution
		Debug|Any CPU = Debug|Any CPU
		Release|Any CPU = Release|Any CPU
	EndGlobalSection
	GlobalSection(ProjectConfigurationPlatforms) = postSolution
		{53E03B86-6E16-4AD7-8705-BB5C10EB292B}.Debug|Any CPU.ActiveCfg = Debug|Any CPU
		{53E03B86-6E16-4AD7-8705-BB5C10EB292B}.Debug|Any CPU.Build.0 = Debug|Any CPU
		{53E03B86-6E16-4AD7-8705-BB5C10EB292B}.Release|Any CPU.ActiveCfg = Release|Any CPU
		{53E03B86-6E16-4AD7-8705-BB5C10EB292B}.Release|Any CPU.Build.0 = Release|Any CPU
		{194DC09B-CDB4-4FCF-95A5-95FFBC6567DD}.Debug|Any CPU.ActiveCfg = Debug|Any CPU
		{194DC09B-CDB4-4FCF-95A5-95FFBC6567DD}.Debug|Any CPU.Build.0 = Debug|Any CPU
		{194DC09B-CDB4-4FCF-95A5-95FFBC6567DD}.Release|Any CPU.ActiveCfg = Release|Any CPU
		{194DC09B-CDB4-4FCF-95A5-95FFBC6567DD}.Release|Any CPU.Build.0 = Release|Any CPU
		{2D8F786A-15D9-4BBE-9084-8F1633DC6A05}.Debug|Any CPU.ActiveCfg = Debug|Any CPU
		{2D8F786A-15D9-4BBE-9084-8F1633DC6A05}.Debug|Any CPU.Build.0 = Debug|Any CPU
		{2D8F786A-15D9-4BBE-9084-8F1633DC6A05}.Release|Any CPU.ActiveCfg = Release|Any CPU
		{2D8F786A-15D9-4BBE-9084-8F1633DC6A05}.Release|Any CPU.Build.0 = Release|Any CPU
	EndGlobalSection
	GlobalSection(SolutionProperties) = preSolution
		HideSolutionNode = FALSE
	EndGlobalSection
EndGlobal
